
Microsoft Visual Studio Solution File, Format Version 12.00
# Visual Studio Version 17
VisualStudioVersion = 17.1.32328.378
MinimumVisualStudioVersion = 10.0.40219.1
Project("{8BC9CEB8-8B4A-11D0-8D11-00A0C91BC942}") = "SK-Lib-cstdio-vprintf-Bagian2__CPP", "SK-Lib-cstdio-vprintf-Bagian2__CPP\SK-Lib-cstdio-vprintf-Bagian2__CPP.vcxproj", "{554C02DA-E047-4D5A-95FE-A9992A8E4E3F}"
EndProject
Global
	GlobalSection(SolutionConfigurationPlatforms) = preSolution
		Debug|x64 = Debug|x64
		Debug|x86 = Debug|x86
		Release|x64 = Release|x64
		Release|x86 = Release|x86
	EndGlobalSection
	GlobalSection(ProjectConfigurationPlatforms) = postSolution
		{554C02DA-E047-4D5A-95FE-A9992A8E4E3F}.Debug|x64.ActiveCfg = Debug|x64
		{554C02DA-E047-4D5A-95FE-A9992A8E4E3F}.Debug|x64.Build.0 = Debug|x64
		{554C02DA-E047-4D5A-95FE-A9992A8E4E3F}.Debug|x86.ActiveCfg = Debug|Win32
		{554C02DA-E047-4D5A-95FE-A9992A8E4E3F}.Debug|x86.Build.0 = Debug|Win32
		{554C02DA-E047-4D5A-95FE-A9992A8E4E3F}.Release|x64.ActiveCfg = Release|x64
		{554C02DA-E047-4D5A-95FE-A9992A8E4E3F}.Release|x64.Build.0 = Release|x64
		{554C02DA-E047-4D5A-95FE-A9992A8E4E3F}.Release|x86.ActiveCfg = Release|Win32
		{554C02DA-E047-4D5A-95FE-A9992A8E4E3F}.Release|x86.Build.0 = Release|Win32
	EndGlobalSection
	GlobalSection(SolutionProperties) = preSolution
		HideSolutionNode = FALSE
	EndGlobalSection
	GlobalSection(ExtensibilityGlobals) = postSolution
		SolutionGuid = {FAC5A140-2C42-493D-B5E3-E72DE61D3CC9}
	EndGlobalSection
EndGlobal
